// !$*UTF8*$!
{
	archiveVersion = 1;
	classes = {
	};
	objectVersion = 55;
	objects = {

/* Begin PBXBuildFile section */
		5E0CBA53280E3C9000F4048F /* Kingfisher in Frameworks */ = {isa = PBXBuildFile; productRef = 5E0CBA52280E3C9000F4048F /* Kingfisher */; };
		5E6E80F927E15BB10080AFA6 /* Alamofire in Frameworks */ = {isa = PBXBuildFile; productRef = 5E6E80F827E15BB10080AFA6 /* Alamofire */; };
		5E6E80FE27E169F00080AFA6 /* ManifestManager.swift in Sources */ = {isa = PBXBuildFile; fileRef = 5E6E80FD27E169F00080AFA6 /* ManifestManager.swift */; };
		5E6E810127E187CF0080AFA6 /* SwiftyJSON in Frameworks */ = {isa = PBXBuildFile; productRef = 5E6E810027E187CF0080AFA6 /* SwiftyJSON */; };
		5E6E810327E19F8C0080AFA6 /* ModManifestInfo.swift in Sources */ = {isa = PBXBuildFile; fileRef = 5E6E810227E19F8C0080AFA6 /* ModManifestInfo.swift */; };
		5E6E810527E26FB50080AFA6 /* ManifestStatusEnum.swift in Sources */ = {isa = PBXBuildFile; fileRef = 5E6E810427E26FB50080AFA6 /* ManifestStatusEnum.swift */; };
		5E6E810727E283DA0080AFA6 /* ModInventoryCollectionViewController.swift in Sources */ = {isa = PBXBuildFile; fileRef = 5E6E810627E283DA0080AFA6 /* ModInventoryCollectionViewController.swift */; };
		5E6E810A27E286900080AFA6 /* ModCellCollectionViewCell.swift in Sources */ = {isa = PBXBuildFile; fileRef = 5E6E810927E286900080AFA6 /* ModCellCollectionViewCell.swift */; };
		5E6E810C27E29D0C0080AFA6 /* HeaderSupplementaryView.swift in Sources */ = {isa = PBXBuildFile; fileRef = 5E6E810B27E29D0C0080AFA6 /* HeaderSupplementaryView.swift */; };
		5E6E810E27E2A1250080AFA6 /* ModDetailViewController.swift in Sources */ = {isa = PBXBuildFile; fileRef = 5E6E810D27E2A1250080AFA6 /* ModDetailViewController.swift */; };
		5E6E811027E2D8340080AFA6 /* NetworkError.swift in Sources */ = {isa = PBXBuildFile; fileRef = 5E6E810F27E2D8330080AFA6 /* NetworkError.swift */; };
		5EF33F4327BE166D006CB4C0 /* AppDelegate.swift in Sources */ = {isa = PBXBuildFile; fileRef = 5EF33F4227BE166D006CB4C0 /* AppDelegate.swift */; };
		5EF33F4527BE166D006CB4C0 /* SceneDelegate.swift in Sources */ = {isa = PBXBuildFile; fileRef = 5EF33F4427BE166D006CB4C0 /* SceneDelegate.swift */; };
		5EF33F4A27BE166D006CB4C0 /* Main.storyboard in Resources */ = {isa = PBXBuildFile; fileRef = 5EF33F4827BE166D006CB4C0 /* Main.storyboard */; };
		5EF33F4C27BE166F006CB4C0 /* Assets.xcassets in Resources */ = {isa = PBXBuildFile; fileRef = 5EF33F4B27BE166F006CB4C0 /* Assets.xcassets */; };
		5EF33F4F27BE166F006CB4C0 /* LaunchScreen.storyboard in Resources */ = {isa = PBXBuildFile; fileRef = 5EF33F4D27BE166F006CB4C0 /* LaunchScreen.storyboard */; };
		5EF33F5827BE181D006CB4C0 /* NetworkManager.swift in Sources */ = {isa = PBXBuildFile; fileRef = 5EF33F5727BE181D006CB4C0 /* NetworkManager.swift */; };
		5EF33F5B27BE1A93006CB4C0 /* Mod.swift in Sources */ = {isa = PBXBuildFile; fileRef = 5EF33F5A27BE1A93006CB4C0 /* Mod.swift */; };
		5EF33F5D27BE1AF9006CB4C0 /* Response.swift in Sources */ = {isa = PBXBuildFile; fileRef = 5EF33F5C27BE1AF9006CB4C0 /* Response.swift */; };
		5EF33F5F27BE2D43006CB4C0 /* Weapon.swift in Sources */ = {isa = PBXBuildFile; fileRef = 5EF33F5E27BE2D43006CB4C0 /* Weapon.swift */; };
		5EF33F6127BE2D61006CB4C0 /* Armor.swift in Sources */ = {isa = PBXBuildFile; fileRef = 5EF33F6027BE2D61006CB4C0 /* Armor.swift */; };
		5EF33F6327BE2E28006CB4C0 /* Inventory.swift in Sources */ = {isa = PBXBuildFile; fileRef = 5EF33F6227BE2E28006CB4C0 /* Inventory.swift */; };
/* End PBXBuildFile section */

/* Begin PBXFileReference section */
		5E6E80FD27E169F00080AFA6 /* ManifestManager.swift */ = {isa = PBXFileReference; lastKnownFileType = sourcecode.swift; path = ManifestManager.swift; sourceTree = "<group>"; };
		5E6E810227E19F8C0080AFA6 /* ModManifestInfo.swift */ = {isa = PBXFileReference; lastKnownFileType = sourcecode.swift; path = ModManifestInfo.swift; sourceTree = "<group>"; };
		5E6E810427E26FB50080AFA6 /* ManifestStatusEnum.swift */ = {isa = PBXFileReference; lastKnownFileType = sourcecode.swift; path = ManifestStatusEnum.swift; sourceTree = "<group>"; };
		5E6E810627E283DA0080AFA6 /* ModInventoryCollectionViewController.swift */ = {isa = PBXFileReference; lastKnownFileType = sourcecode.swift; path = ModInventoryCollectionViewController.swift; sourceTree = "<group>"; };
		5E6E810927E286900080AFA6 /* ModCellCollectionViewCell.swift */ = {isa = PBXFileReference; lastKnownFileType = sourcecode.swift; path = ModCellCollectionViewCell.swift; sourceTree = "<group>"; };
		5E6E810B27E29D0C0080AFA6 /* HeaderSupplementaryView.swift */ = {isa = PBXFileReference; lastKnownFileType = sourcecode.swift; path = HeaderSupplementaryView.swift; sourceTree = "<group>"; };
		5E6E810D27E2A1250080AFA6 /* ModDetailViewController.swift */ = {isa = PBXFileReference; lastKnownFileType = sourcecode.swift; path = ModDetailViewController.swift; sourceTree = "<group>"; };
		5E6E810F27E2D8330080AFA6 /* NetworkError.swift */ = {isa = PBXFileReference; lastKnownFileType = sourcecode.swift; path = NetworkError.swift; sourceTree = "<group>"; };
		5EF33F3F27BE166D006CB4C0 /* Ada.app */ = {isa = PBXFileReference; explicitFileType = wrapper.application; includeInIndex = 0; path = Ada.app; sourceTree = BUILT_PRODUCTS_DIR; };
		5EF33F4227BE166D006CB4C0 /* AppDelegate.swift */ = {isa = PBXFileReference; lastKnownFileType = sourcecode.swift; path = AppDelegate.swift; sourceTree = "<group>"; };
		5EF33F4427BE166D006CB4C0 /* SceneDelegate.swift */ = {isa = PBXFileReference; lastKnownFileType = sourcecode.swift; path = SceneDelegate.swift; sourceTree = "<group>"; };
		5EF33F4927BE166D006CB4C0 /* Base */ = {isa = PBXFileReference; lastKnownFileType = file.storyboard; name = Base; path = Base.lproj/Main.storyboard; sourceTree = "<group>"; };
		5EF33F4B27BE166F006CB4C0 /* Assets.xcassets */ = {isa = PBXFileReference; lastKnownFileType = folder.assetcatalog; path = Assets.xcassets; sourceTree = "<group>"; };
		5EF33F4E27BE166F006CB4C0 /* Base */ = {isa = PBXFileReference; lastKnownFileType = file.storyboard; name = Base; path = Base.lproj/LaunchScreen.storyboard; sourceTree = "<group>"; };
		5EF33F5027BE166F006CB4C0 /* Info.plist */ = {isa = PBXFileReference; lastKnownFileType = text.plist.xml; path = Info.plist; sourceTree = "<group>"; };
		5EF33F5727BE181D006CB4C0 /* NetworkManager.swift */ = {isa = PBXFileReference; lastKnownFileType = sourcecode.swift; path = NetworkManager.swift; sourceTree = "<group>"; };
		5EF33F5A27BE1A93006CB4C0 /* Mod.swift */ = {isa = PBXFileReference; lastKnownFileType = sourcecode.swift; path = Mod.swift; sourceTree = "<group>"; };
		5EF33F5C27BE1AF9006CB4C0 /* Response.swift */ = {isa = PBXFileReference; lastKnownFileType = sourcecode.swift; path = Response.swift; sourceTree = "<group>"; };
		5EF33F5E27BE2D43006CB4C0 /* Weapon.swift */ = {isa = PBXFileReference; lastKnownFileType = sourcecode.swift; path = Weapon.swift; sourceTree = "<group>"; };
		5EF33F6027BE2D61006CB4C0 /* Armor.swift */ = {isa = PBXFileReference; lastKnownFileType = sourcecode.swift; path = Armor.swift; sourceTree = "<group>"; };
		5EF33F6227BE2E28006CB4C0 /* Inventory.swift */ = {isa = PBXFileReference; lastKnownFileType = sourcecode.swift; path = Inventory.swift; sourceTree = "<group>"; };
/* End PBXFileReference section */

/* Begin PBXFrameworksBuildPhase section */
		5EF33F3C27BE166D006CB4C0 /* Frameworks */ = {
			isa = PBXFrameworksBuildPhase;
			buildActionMask = 2147483647;
			files = (
				5E0CBA53280E3C9000F4048F /* Kingfisher in Frameworks */,
				5E6E810127E187CF0080AFA6 /* SwiftyJSON in Frameworks */,
				5E6E80F927E15BB10080AFA6 /* Alamofire in Frameworks */,
			);
			runOnlyForDeploymentPostprocessing = 0;
		};
/* End PBXFrameworksBuildPhase section */

/* Begin PBXGroup section */
		5E6E810827E2862A0080AFA6 /* Controllers */ = {
			isa = PBXGroup;
			children = (
				5E6E810627E283DA0080AFA6 /* ModInventoryCollectionViewController.swift */,
				5E6E810927E286900080AFA6 /* ModCellCollectionViewCell.swift */,
				5E6E810B27E29D0C0080AFA6 /* HeaderSupplementaryView.swift */,
				5E6E810D27E2A1250080AFA6 /* ModDetailViewController.swift */,
			);
			path = Controllers;
			sourceTree = "<group>";
		};
		5EF33F3627BE166D006CB4C0 = {
			isa = PBXGroup;
			children = (
				5EF33F4127BE166D006CB4C0 /* Ada */,
				5EF33F4027BE166D006CB4C0 /* Products */,
			);
			sourceTree = "<group>";
		};
		5EF33F4027BE166D006CB4C0 /* Products */ = {
			isa = PBXGroup;
			children = (
				5EF33F3F27BE166D006CB4C0 /* Ada.app */,
			);
			name = Products;
			sourceTree = "<group>";
		};
		5EF33F4127BE166D006CB4C0 /* Ada */ = {
			isa = PBXGroup;
			children = (
				5EF33F5927BE1A75006CB4C0 /* Interfaces */,
				5EF33F5627BE17C6006CB4C0 /* Networking */,
				5EF33F4227BE166D006CB4C0 /* AppDelegate.swift */,
				5EF33F4427BE166D006CB4C0 /* SceneDelegate.swift */,
				5E6E810827E2862A0080AFA6 /* Controllers */,
				5EF33F4827BE166D006CB4C0 /* Main.storyboard */,
				5EF33F4B27BE166F006CB4C0 /* Assets.xcassets */,
				5EF33F4D27BE166F006CB4C0 /* LaunchScreen.storyboard */,
				5EF33F5027BE166F006CB4C0 /* Info.plist */,
			);
			path = Ada;
			sourceTree = "<group>";
		};
		5EF33F5627BE17C6006CB4C0 /* Networking */ = {
			isa = PBXGroup;
			children = (
				5EF33F5727BE181D006CB4C0 /* NetworkManager.swift */,
				5E6E80FD27E169F00080AFA6 /* ManifestManager.swift */,
				5E6E810427E26FB50080AFA6 /* ManifestStatusEnum.swift */,
				5E6E810F27E2D8330080AFA6 /* NetworkError.swift */,
			);
			path = Networking;
			sourceTree = "<group>";
		};
		5EF33F5927BE1A75006CB4C0 /* Interfaces */ = {
			isa = PBXGroup;
			children = (
				5EF33F5A27BE1A93006CB4C0 /* Mod.swift */,
				5EF33F5C27BE1AF9006CB4C0 /* Response.swift */,
				5EF33F5E27BE2D43006CB4C0 /* Weapon.swift */,
				5EF33F6027BE2D61006CB4C0 /* Armor.swift */,
				5EF33F6227BE2E28006CB4C0 /* Inventory.swift */,
				5E6E810227E19F8C0080AFA6 /* ModManifestInfo.swift */,
			);
			path = Interfaces;
			sourceTree = "<group>";
		};
/* End PBXGroup section */

/* Begin PBXNativeTarget section */
		5EF33F3E27BE166D006CB4C0 /* Ada */ = {
			isa = PBXNativeTarget;
			buildConfigurationList = 5EF33F5327BE166F006CB4C0 /* Build configuration list for PBXNativeTarget "Ada" */;
			buildPhases = (
				5EF33F3B27BE166D006CB4C0 /* Sources */,
				5EF33F3C27BE166D006CB4C0 /* Frameworks */,
				5EF33F3D27BE166D006CB4C0 /* Resources */,
			);
			buildRules = (
			);
			dependencies = (
			);
			name = Ada;
			packageProductDependencies = (
				5E6E80F827E15BB10080AFA6 /* Alamofire */,
				5E6E810027E187CF0080AFA6 /* SwiftyJSON */,
				5E0CBA52280E3C9000F4048F /* Kingfisher */,
			);
			productName = Ada;
			productReference = 5EF33F3F27BE166D006CB4C0 /* Ada.app */;
			productType = "com.apple.product-type.application";
		};
/* End PBXNativeTarget section */

/* Begin PBXProject section */
		5EF33F3727BE166D006CB4C0 /* Project object */ = {
			isa = PBXProject;
			attributes = {
				BuildIndependentTargetsInParallel = 1;
				LastSwiftUpdateCheck = 1320;
				LastUpgradeCheck = 1320;
				TargetAttributes = {
					5EF33F3E27BE166D006CB4C0 = {
						CreatedOnToolsVersion = 13.2.1;
					};
				};
			};
			buildConfigurationList = 5EF33F3A27BE166D006CB4C0 /* Build configuration list for PBXProject "Ada" */;
			compatibilityVersion = "Xcode 13.0";
			developmentRegion = en;
			hasScannedForEncodings = 0;
			knownRegions = (
				en,
				Base,
			);
			mainGroup = 5EF33F3627BE166D006CB4C0;
			packageReferences = (
				5E6E80F727E15BB10080AFA6 /* XCRemoteSwiftPackageReference "Alamofire" */,
				5E6E80FF27E187CE0080AFA6 /* XCRemoteSwiftPackageReference "SwiftyJSON" */,
				5E0CBA51280E3C9000F4048F /* XCRemoteSwiftPackageReference "Kingfisher" */,
			);
			productRefGroup = 5EF33F4027BE166D006CB4C0 /* Products */;
			projectDirPath = "";
			projectRoot = "";
			targets = (
				5EF33F3E27BE166D006CB4C0 /* Ada */,
			);
		};
/* End PBXProject section */

/* Begin PBXResourcesBuildPhase section */
		5EF33F3D27BE166D006CB4C0 /* Resources */ = {
			isa = PBXResourcesBuildPhase;
			buildActionMask = 2147483647;
			files = (
				5EF33F4F27BE166F006CB4C0 /* LaunchScreen.storyboard in Resources */,
				5EF33F4C27BE166F006CB4C0 /* Assets.xcassets in Resources */,
				5EF33F4A27BE166D006CB4C0 /* Main.storyboard in Resources */,
			);
			runOnlyForDeploymentPostprocessing = 0;
		};
/* End PBXResourcesBuildPhase section */

/* Begin PBXSourcesBuildPhase section */
		5EF33F3B27BE166D006CB4C0 /* Sources */ = {
			isa = PBXSourcesBuildPhase;
			buildActionMask = 2147483647;
			files = (
				5EF33F5827BE181D006CB4C0 /* NetworkManager.swift in Sources */,
				5E6E811027E2D8340080AFA6 /* NetworkError.swift in Sources */,
				5E6E80FE27E169F00080AFA6 /* ManifestManager.swift in Sources */,
				5EF33F4327BE166D006CB4C0 /* AppDelegate.swift in Sources */,
				5EF33F6327BE2E28006CB4C0 /* Inventory.swift in Sources */,
				5E6E810E27E2A1250080AFA6 /* ModDetailViewController.swift in Sources */,
				5EF33F5F27BE2D43006CB4C0 /* Weapon.swift in Sources */,
				5EF33F4527BE166D006CB4C0 /* SceneDelegate.swift in Sources */,
				5E6E810527E26FB50080AFA6 /* ManifestStatusEnum.swift in Sources */,
				5E6E810327E19F8C0080AFA6 /* ModManifestInfo.swift in Sources */,
				5EF33F5D27BE1AF9006CB4C0 /* Response.swift in Sources */,
				5E6E810C27E29D0C0080AFA6 /* HeaderSupplementaryView.swift in Sources */,
				5EF33F5B27BE1A93006CB4C0 /* Mod.swift in Sources */,
				5EF33F6127BE2D61006CB4C0 /* Armor.swift in Sources */,
				5E6E810A27E286900080AFA6 /* ModCellCollectionViewCell.swift in Sources */,
				5E6E810727E283DA0080AFA6 /* ModInventoryCollectionViewController.swift in Sources */,
			);
			runOnlyForDeploymentPostprocessing = 0;
		};
/* End PBXSourcesBuildPhase section */

/* Begin PBXVariantGroup section */
		5EF33F4827BE166D006CB4C0 /* Main.storyboard */ = {
			isa = PBXVariantGroup;
			children = (
				5EF33F4927BE166D006CB4C0 /* Base */,
			);
			name = Main.storyboard;
			sourceTree = "<group>";
		};
		5EF33F4D27BE166F006CB4C0 /* LaunchScreen.storyboard */ = {
			isa = PBXVariantGroup;
			children = (
				5EF33F4E27BE166F006CB4C0 /* Base */,
			);
			name = LaunchScreen.storyboard;
			sourceTree = "<group>";
		};
/* End PBXVariantGroup section */

/* Begin XCBuildConfiguration section */
		5EF33F5127BE166F006CB4C0 /* Debug */ = {
			isa = XCBuildConfiguration;
			buildSettings = {
				ALWAYS_SEARCH_USER_PATHS = NO;
				CLANG_ANALYZER_NONNULL = YES;
				CLANG_ANALYZER_NUMBER_OBJECT_CONVERSION = YES_AGGRESSIVE;
				CLANG_CXX_LANGUAGE_STANDARD = "gnu++17";
				CLANG_CXX_LIBRARY = "libc++";
				CLANG_ENABLE_MODULES = YES;
				CLANG_ENABLE_OBJC_ARC = YES;
				CLANG_ENABLE_OBJC_WEAK = YES;
				CLANG_WARN_BLOCK_CAPTURE_AUTORELEASING = YES;
				CLANG_WARN_BOOL_CONVERSION = YES;
				CLANG_WARN_COMMA = YES;
				CLANG_WARN_CONSTANT_CONVERSION = YES;
				CLANG_WARN_DEPRECATED_OBJC_IMPLEMENTATIONS = YES;
				CLANG_WARN_DIRECT_OBJC_ISA_USAGE = YES_ERROR;
				CLANG_WARN_DOCUMENTATION_COMMENTS = YES;
				CLANG_WARN_EMPTY_BODY = YES;
				CLANG_WARN_ENUM_CONVERSION = YES;
				CLANG_WARN_INFINITE_RECURSION = YES;
				CLANG_WARN_INT_CONVERSION = YES;
				CLANG_WARN_NON_LITERAL_NULL_CONVERSION = YES;
				CLANG_WARN_OBJC_IMPLICIT_RETAIN_SELF = YES;
				CLANG_WARN_OBJC_LITERAL_CONVERSION = YES;
				CLANG_WARN_OBJC_ROOT_CLASS = YES_ERROR;
				CLANG_WARN_QUOTED_INCLUDE_IN_FRAMEWORK_HEADER = YES;
				CLANG_WARN_RANGE_LOOP_ANALYSIS = YES;
				CLANG_WARN_STRICT_PROTOTYPES = YES;
				CLANG_WARN_SUSPICIOUS_MOVE = YES;
				CLANG_WARN_UNGUARDED_AVAILABILITY = YES_AGGRESSIVE;
				CLANG_WARN_UNREACHABLE_CODE = YES;
				CLANG_WARN__DUPLICATE_METHOD_MATCH = YES;
				COPY_PHASE_STRIP = NO;
				DEBUG_INFORMATION_FORMAT = dwarf;
				ENABLE_STRICT_OBJC_MSGSEND = YES;
				ENABLE_TESTABILITY = YES;
				GCC_C_LANGUAGE_STANDARD = gnu11;
				GCC_DYNAMIC_NO_PIC = NO;
				GCC_NO_COMMON_BLOCKS = YES;
				GCC_OPTIMIZATION_LEVEL = 0;
				GCC_PREPROCESSOR_DEFINITIONS = (
					"DEBUG=1",
					"$(inherited)",
				);
				GCC_WARN_64_TO_32_BIT_CONVERSION = YES;
				GCC_WARN_ABOUT_RETURN_TYPE = YES_ERROR;
				GCC_WARN_UNDECLARED_SELECTOR = YES;
				GCC_WARN_UNINITIALIZED_AUTOS = YES_AGGRESSIVE;
				GCC_WARN_UNUSED_FUNCTION = YES;
				GCC_WARN_UNUSED_VARIABLE = YES;
				IPHONEOS_DEPLOYMENT_TARGET = 15.2;
				MTL_ENABLE_DEBUG_INFO = INCLUDE_SOURCE;
				MTL_FAST_MATH = YES;
				ONLY_ACTIVE_ARCH = YES;
				SDKROOT = iphoneos;
				SWIFT_ACTIVE_COMPILATION_CONDITIONS = DEBUG;
				SWIFT_OPTIMIZATION_LEVEL = "-Onone";
			};
			name = Debug;
		};
		5EF33F5227BE166F006CB4C0 /* Release */ = {
			isa = XCBuildConfiguration;
			buildSettings = {
				ALWAYS_SEARCH_USER_PATHS = NO;
				CLANG_ANALYZER_NONNULL = YES;
				CLANG_ANALYZER_NUMBER_OBJECT_CONVERSION = YES_AGGRESSIVE;
				CLANG_CXX_LANGUAGE_STANDARD = "gnu++17";
				CLANG_CXX_LIBRARY = "libc++";
				CLANG_ENABLE_MODULES = YES;
				CLANG_ENABLE_OBJC_ARC = YES;
				CLANG_ENABLE_OBJC_WEAK = YES;
				CLANG_WARN_BLOCK_CAPTURE_AUTORELEASING = YES;
				CLANG_WARN_BOOL_CONVERSION = YES;
				CLANG_WARN_COMMA = YES;
				CLANG_WARN_CONSTANT_CONVERSION = YES;
				CLANG_WARN_DEPRECATED_OBJC_IMPLEMENTATIONS = YES;
				CLANG_WARN_DIRECT_OBJC_ISA_USAGE = YES_ERROR;
				CLANG_WARN_DOCUMENTATION_COMMENTS = YES;
				CLANG_WARN_EMPTY_BODY = YES;
				CLANG_WARN_ENUM_CONVERSION = YES;
				CLANG_WARN_INFINITE_RECURSION = YES;
				CLANG_WARN_INT_CONVERSION = YES;
				CLANG_WARN_NON_LITERAL_NULL_CONVERSION = YES;
				CLANG_WARN_OBJC_IMPLICIT_RETAIN_SELF = YES;
				CLANG_WARN_OBJC_LITERAL_CONVERSION = YES;
				CLANG_WARN_OBJC_ROOT_CLASS = YES_ERROR;
				CLANG_WARN_QUOTED_INCLUDE_IN_FRAMEWORK_HEADER = YES;
				CLANG_WARN_RANGE_LOOP_ANALYSIS = YES;
				CLANG_WARN_STRICT_PROTOTYPES = YES;
				CLANG_WARN_SUSPICIOUS_MOVE = YES;
				CLANG_WARN_UNGUARDED_AVAILABILITY = YES_AGGRESSIVE;
				CLANG_WARN_UNREACHABLE_CODE = YES;
				CLANG_WARN__DUPLICATE_METHOD_MATCH = YES;
				COPY_PHASE_STRIP = NO;
				DEBUG_INFORMATION_FORMAT = "dwarf-with-dsym";
				ENABLE_NS_ASSERTIONS = NO;
				ENABLE_STRICT_OBJC_MSGSEND = YES;
				GCC_C_LANGUAGE_STANDARD = gnu11;
				GCC_NO_COMMON_BLOCKS = YES;
				GCC_WARN_64_TO_32_BIT_CONVERSION = YES;
				GCC_WARN_ABOUT_RETURN_TYPE = YES_ERROR;
				GCC_WARN_UNDECLARED_SELECTOR = YES;
				GCC_WARN_UNINITIALIZED_AUTOS = YES_AGGRESSIVE;
				GCC_WARN_UNUSED_FUNCTION = YES;
				GCC_WARN_UNUSED_VARIABLE = YES;
				IPHONEOS_DEPLOYMENT_TARGET = 15.2;
				MTL_ENABLE_DEBUG_INFO = NO;
				MTL_FAST_MATH = YES;
				SDKROOT = iphoneos;
				SWIFT_COMPILATION_MODE = wholemodule;
				SWIFT_OPTIMIZATION_LEVEL = "-O";
				VALIDATE_PRODUCT = YES;
			};
			name = Release;
		};
		5EF33F5427BE166F006CB4C0 /* Debug */ = {
			isa = XCBuildConfiguration;
			buildSettings = {
				ASSETCATALOG_COMPILER_APPICON_NAME = AppIcon;
				ASSETCATALOG_COMPILER_GLOBAL_ACCENT_COLOR_NAME = AccentColor;
				CODE_SIGN_STYLE = Automatic;
				CURRENT_PROJECT_VERSION = 1;
				DEVELOPMENT_TEAM = 4X7Z2N82DF;
				GENERATE_INFOPLIST_FILE = YES;
				INFOPLIST_FILE = Ada/Info.plist;
				INFOPLIST_KEY_UIApplicationSupportsIndirectInputEvents = YES;
				INFOPLIST_KEY_UILaunchStoryboardName = LaunchScreen;
				INFOPLIST_KEY_UIMainStoryboardFile = Main;
				INFOPLIST_KEY_UISupportedInterfaceOrientations = UIInterfaceOrientationPortrait;
				INFOPLIST_KEY_UISupportedInterfaceOrientations_iPad = "UIInterfaceOrientationPortrait UIInterfaceOrientationPortraitUpsideDown UIInterfaceOrientationLandscapeLeft UIInterfaceOrientationLandscapeRight";
				INFOPLIST_KEY_UISupportedInterfaceOrientations_iPhone = "UIInterfaceOrientationPortrait UIInterfaceOrientationLandscapeLeft UIInterfaceOrientationLandscapeRight";
				LD_RUNPATH_SEARCH_PATHS = (
					"$(inherited)",
					"@executable_path/Frameworks",
				);
				MARKETING_VERSION = 1.0;
				PRODUCT_BUNDLE_IDENTIFIER = ashapps.Ada;
				PRODUCT_NAME = "$(TARGET_NAME)";
				SWIFT_EMIT_LOC_STRINGS = YES;
				SWIFT_VERSION = 5.0;
				TARGETED_DEVICE_FAMILY = "1,2";
			};
			name = Debug;
		};
		5EF33F5527BE166F006CB4C0 /* Release */ = {
			isa = XCBuildConfiguration;
			buildSettings = {
				ASSETCATALOG_COMPILER_APPICON_NAME = AppIcon;
				ASSETCATALOG_COMPILER_GLOBAL_ACCENT_COLOR_NAME = AccentColor;
				CODE_SIGN_STYLE = Automatic;
				CURRENT_PROJECT_VERSION = 1;
				DEVELOPMENT_TEAM = 4X7Z2N82DF;
				GENERATE_INFOPLIST_FILE = YES;
				INFOPLIST_FILE = Ada/Info.plist;
				INFOPLIST_KEY_UIApplicationSupportsIndirectInputEvents = YES;
				INFOPLIST_KEY_UILaunchStoryboardName = LaunchScreen;
				INFOPLIST_KEY_UIMainStoryboardFile = Main;
				INFOPLIST_KEY_UISupportedInterfaceOrientations = UIInterfaceOrientationPortrait;
				INFOPLIST_KEY_UISupportedInterfaceOrientations_iPad = "UIInterfaceOrientationPortrait UIInterfaceOrientationPortraitUpsideDown UIInterfaceOrientationLandscapeLeft UIInterfaceOrientationLandscapeRight";
				INFOPLIST_KEY_UISupportedInterfaceOrientations_iPhone = "UIInterfaceOrientationPortrait UIInterfaceOrientationLandscapeLeft UIInterfaceOrientationLandscapeRight";
				LD_RUNPATH_SEARCH_PATHS = (
					"$(inherited)",
					"@executable_path/Frameworks",
				);
				MARKETING_VERSION = 1.0;
				PRODUCT_BUNDLE_IDENTIFIER = ashapps.Ada;
				PRODUCT_NAME = "$(TARGET_NAME)";
				SWIFT_EMIT_LOC_STRINGS = YES;
				SWIFT_VERSION = 5.0;
				TARGETED_DEVICE_FAMILY = "1,2";
			};
			name = Release;
		};
/* End XCBuildConfiguration section */

/* Begin XCConfigurationList section */
		5EF33F3A27BE166D006CB4C0 /* Build configuration list for PBXProject "Ada" */ = {
			isa = XCConfigurationList;
			buildConfigurations = (
				5EF33F5127BE166F006CB4C0 /* Debug */,
				5EF33F5227BE166F006CB4C0 /* Release */,
			);
			defaultConfigurationIsVisible = 0;
			defaultConfigurationName = Release;
		};
		5EF33F5327BE166F006CB4C0 /* Build configuration list for PBXNativeTarget "Ada" */ = {
			isa = XCConfigurationList;
			buildConfigurations = (
				5EF33F5427BE166F006CB4C0 /* Debug */,
				5EF33F5527BE166F006CB4C0 /* Release */,
			);
			defaultConfigurationIsVisible = 0;
			defaultConfigurationName = Release;
		};
/* End XCConfigurationList section */

/* Begin XCRemoteSwiftPackageReference section */
		5E0CBA51280E3C9000F4048F /* XCRemoteSwiftPackageReference "Kingfisher" */ = {
			isa = XCRemoteSwiftPackageReference;
			repositoryURL = "https://github.com/onevcat/Kingfisher.git";
			requirement = {
				kind = upToNextMajorVersion;
				minimumVersion = 7.0.0;
			};
		};
		5E6E80F727E15BB10080AFA6 /* XCRemoteSwiftPackageReference "Alamofire" */ = {
			isa = XCRemoteSwiftPackageReference;
			repositoryURL = "https://github.com/Alamofire/Alamofire.git";
			requirement = {
				kind = upToNextMajorVersion;
				minimumVersion = 5.5.0;
			};
		};
		5E6E80FF27E187CE0080AFA6 /* XCRemoteSwiftPackageReference "SwiftyJSON" */ = {
			isa = XCRemoteSwiftPackageReference;
			repositoryURL = "https://github.com/SwiftyJSON/SwiftyJSON.git";
			requirement = {
				branch = master;
				kind = branch;
			};
		};
/* End XCRemoteSwiftPackageReference section */

/* Begin XCSwiftPackageProductDependency section */
		5E0CBA52280E3C9000F4048F /* Kingfisher */ = {
			isa = XCSwiftPackageProductDependency;
			package = 5E0CBA51280E3C9000F4048F /* XCRemoteSwiftPackageReference "Kingfisher" */;
			productName = Kingfisher;
		};
		5E6E80F827E15BB10080AFA6 /* Alamofire */ = {
			isa = XCSwiftPackageProductDependency;
			package = 5E6E80F727E15BB10080AFA6 /* XCRemoteSwiftPackageReference "Alamofire" */;
			productName = Alamofire;
		};
		5E6E810027E187CF0080AFA6 /* SwiftyJSON */ = {
			isa = XCSwiftPackageProductDependency;
			package = 5E6E80FF27E187CE0080AFA6 /* XCRemoteSwiftPackageReference "SwiftyJSON" */;
			productName = SwiftyJSON;
		};
/* End XCSwiftPackageProductDependency section */
	};
	rootObject = 5EF33F3727BE166D006CB4C0 /* Project object */;
}
